
Microsoft Visual Studio Solution File, Format Version 12.00
# Visual Studio Version 16
VisualStudioVersion = 16.0.30523.141
MinimumVisualStudioVersion = 10.0.40219.1
Project("{FAE04EC0-301F-11D3-BF4B-00C04F79EFBC}") = "api", "api.csproj", "{E14B6D30-A34B-401A-BB25-F5A3E1DF45E1}"
EndProject
Global
	GlobalSection(SolutionConfigurationPlatforms) = preSolution
		Debug|Any CPU = Debug|Any CPU
		Release|Any CPU = Release|Any CPU
	EndGlobalSection
	GlobalSection(ProjectConfigurationPlatforms) = postSolution
		{E14B6D30-A34B-401A-BB25-F5A3E1DF45E1}.Debug|Any CPU.ActiveCfg = Debug|Any CPU
		{E14B6D30-A34B-401A-BB25-F5A3E1DF45E1}.Debug|Any CPU.Build.0 = Debug|Any CPU
		{E14B6D30-A34B-401A-BB25-F5A3E1DF45E1}.Release|Any CPU.ActiveCfg = Release|Any CPU
		{E14B6D30-A34B-401A-BB25-F5A3E1DF45E1}.Release|Any CPU.Build.0 = Release|Any CPU
	EndGlobalSection
	GlobalSection(SolutionProperties) = preSolution
		HideSolutionNode = FALSE
	EndGlobalSection
	GlobalSection(ExtensibilityGlobals) = postSolution
		SolutionGuid = {0E45573F-8934-4DE4-9BC9-394990D6C25D}
	EndGlobalSection
EndGlobal
